// !$*UTF8*$!
{
	archiveVersion = 1;
	classes = {
	};
	objectVersion = 55;
	objects = {

/* Begin PBXBuildFile section */
		911657632828C5F40000D3AA /* _todo.txt in Resources */ = {isa = PBXBuildFile; fileRef = 911657622828C5F40000D3AA /* _todo.txt */; };
		9116576628295A2B0000D3AA /* Interpreter.swift in Sources */ = {isa = PBXBuildFile; fileRef = 9116576528295A2B0000D3AA /* Interpreter.swift */; };
		9116576828295B970000D3AA /* _InterpreterTests.swift in Sources */ = {isa = PBXBuildFile; fileRef = 9116576728295B970000D3AA /* _InterpreterTests.swift */; };
		9116576A28295C2B0000D3AA /* LexerTests.swift in Sources */ = {isa = PBXBuildFile; fileRef = 9116576928295C2B0000D3AA /* LexerTests.swift */; };
		9116576C28295CF20000D3AA /* Lexer.swift in Sources */ = {isa = PBXBuildFile; fileRef = 9116576B28295CF20000D3AA /* Lexer.swift */; };
		9116576E28295D2A0000D3AA /* Token.swift in Sources */ = {isa = PBXBuildFile; fileRef = 9116576D28295D2A0000D3AA /* Token.swift */; };
		91165770282AADC20000D3AA /* ParserTests.swift in Sources */ = {isa = PBXBuildFile; fileRef = 9116576F282AADC20000D3AA /* ParserTests.swift */; };
		91165772282AB0790000D3AA /* Parse.swift in Sources */ = {isa = PBXBuildFile; fileRef = 91165771282AB0790000D3AA /* Parse.swift */; };
		91165774282AB1030000D3AA /* SyntaxAnalyzer.swift in Sources */ = {isa = PBXBuildFile; fileRef = 91165773282AB1030000D3AA /* SyntaxAnalyzer.swift */; };
		91308863282D5F6300E5C62E /* Expression+make.swift in Sources */ = {isa = PBXBuildFile; fileRef = 91308862282D5F6300E5C62E /* Expression+make.swift */; };
		91308868282EB64500E5C62E /* Program.swift in Sources */ = {isa = PBXBuildFile; fileRef = 91308867282EB64500E5C62E /* Program.swift */; };
		9130886A282EBA6C00E5C62E /* Repl.swift in Sources */ = {isa = PBXBuildFile; fileRef = 91308869282EBA6C00E5C62E /* Repl.swift */; };
		9130886C282EBADA00E5C62E /* ProgramTests.swift in Sources */ = {isa = PBXBuildFile; fileRef = 9130886B282EBADA00E5C62E /* ProgramTests.swift */; };
		9130886E282EC0C300E5C62E /* ReplTests.swift in Sources */ = {isa = PBXBuildFile; fileRef = 9130886D282EC0C300E5C62E /* ReplTests.swift */; };
		9145B1D5287340A8009DB706 /* RemarkTests.swift in Sources */ = {isa = PBXBuildFile; fileRef = 9145B1D4287340A8009DB706 /* RemarkTests.swift */; };
		9145B1D72873414D009DB706 /* PrintTests.swift in Sources */ = {isa = PBXBuildFile; fileRef = 9145B1D62873414D009DB706 /* PrintTests.swift */; };
		9145B1D9287343A0009DB706 /* InputTests.swift in Sources */ = {isa = PBXBuildFile; fileRef = 9145B1D8287343A0009DB706 /* InputTests.swift */; };
		9145B1DB287343FD009DB706 /* DimArrayTests.swift in Sources */ = {isa = PBXBuildFile; fileRef = 9145B1DA287343FD009DB706 /* DimArrayTests.swift */; };
		9145B1DD2873449D009DB706 /* ForNextTests.swift in Sources */ = {isa = PBXBuildFile; fileRef = 9145B1DC2873449D009DB706 /* ForNextTests.swift */; };
		9145B1DF287344FC009DB706 /* GosubReturnTests.swift in Sources */ = {isa = PBXBuildFile; fileRef = 9145B1DE287344FC009DB706 /* GosubReturnTests.swift */; };
		9145B1E128734563009DB706 /* OnTests.swift in Sources */ = {isa = PBXBuildFile; fileRef = 9145B1E028734563009DB706 /* OnTests.swift */; };
		9145B1E3287345A8009DB706 /* EndStopTests.swift in Sources */ = {isa = PBXBuildFile; fileRef = 9145B1E2287345A8009DB706 /* EndStopTests.swift */; };
		9145B1E52873465B009DB706 /* _ExpressionTests.swift in Sources */ = {isa = PBXBuildFile; fileRef = 9145B1E42873465B009DB706 /* _ExpressionTests.swift */; };
		9145B1E72873470E009DB706 /* _ControlFlowTests.swift in Sources */ = {isa = PBXBuildFile; fileRef = 9145B1E62873470E009DB706 /* _ControlFlowTests.swift */; };
		9145B1E928734774009DB706 /* IfTests.swift in Sources */ = {isa = PBXBuildFile; fileRef = 9145B1E828734774009DB706 /* IfTests.swift */; };
		9145B1EB287347C2009DB706 /* _PredefinedFunctionTests.swift in Sources */ = {isa = PBXBuildFile; fileRef = 9145B1EA287347C2009DB706 /* _PredefinedFunctionTests.swift */; };
		9145B1ED28734895009DB706 /* DefTests.swift in Sources */ = {isa = PBXBuildFile; fileRef = 9145B1EC28734895009DB706 /* DefTests.swift */; };
		9145B1EF287348FE009DB706 /* _SyntaxErrorTests.swift in Sources */ = {isa = PBXBuildFile; fileRef = 9145B1EE287348FE009DB706 /* _SyntaxErrorTests.swift */; };
		9145B1F128748F90009DB706 /* DataReadTests.swift in Sources */ = {isa = PBXBuildFile; fileRef = 9145B1F028748F90009DB706 /* DataReadTests.swift */; };
		9145B1F32875D6C6009DB706 /* Location.swift in Sources */ = {isa = PBXBuildFile; fileRef = 9145B1F22875D6C6009DB706 /* Location.swift */; };
		9145B1F52875D715009DB706 /* Type+defaultValue.swift in Sources */ = {isa = PBXBuildFile; fileRef = 9145B1F42875D715009DB706 /* Type+defaultValue.swift */; };
		9145B1F72875D792009DB706 /* PredefinedValues.swift in Sources */ = {isa = PBXBuildFile; fileRef = 9145B1F62875D792009DB706 /* PredefinedValues.swift */; };
		9145B1F92875E133009DB706 /* InteractorTests.swift in Sources */ = {isa = PBXBuildFile; fileRef = 9145B1F82875E132009DB706 /* InteractorTests.swift */; };
		914A53F02841315C00A47B35 /* Value.swift in Sources */ = {isa = PBXBuildFile; fileRef = 914A53EF2841315C00A47B35 /* Value.swift */; };
		914A53F22845249D00A47B35 /* Type.swift in Sources */ = {isa = PBXBuildFile; fileRef = 914A53F12845249D00A47B35 /* Type.swift */; };
		918861BD2858E0DB00B7B19C /* ParserExpressionTests.swift in Sources */ = {isa = PBXBuildFile; fileRef = 918861BC2858E0DB00B7B19C /* ParserExpressionTests.swift */; };
		918861C328616FC700B7B19C /* amazing.bas in Resources */ = {isa = PBXBuildFile; fileRef = 918861C228616FC700B7B19C /* amazing.bas */; };
		918861C52862182800B7B19C /* Repl+Test.swift in Sources */ = {isa = PBXBuildFile; fileRef = 918861C42862182800B7B19C /* Repl+Test.swift */; };
		918861E72866051E00B7B19C /* Interactor.swift in Sources */ = {isa = PBXBuildFile; fileRef = 918861E62866051E00B7B19C /* Interactor.swift */; };
		918861E92866056E00B7B19C /* OutputTests.swift in Sources */ = {isa = PBXBuildFile; fileRef = 918861E82866056E00B7B19C /* OutputTests.swift */; };
		9192F7362828B68F00FAFFA1 /* bassiApp.swift in Sources */ = {isa = PBXBuildFile; fileRef = 9192F7352828B68F00FAFFA1 /* bassiApp.swift */; };
		9192F7382828B68F00FAFFA1 /* ContentView.swift in Sources */ = {isa = PBXBuildFile; fileRef = 9192F7372828B68F00FAFFA1 /* ContentView.swift */; };
		9192F73A2828B69000FAFFA1 /* Assets.xcassets in Resources */ = {isa = PBXBuildFile; fileRef = 9192F7392828B69000FAFFA1 /* Assets.xcassets */; };
		9192F73D2828B69000FAFFA1 /* Preview Assets.xcassets in Resources */ = {isa = PBXBuildFile; fileRef = 9192F73C2828B69000FAFFA1 /* Preview Assets.xcassets */; };
		9192F7522828B69000FAFFA1 /* bassiUITests.swift in Sources */ = {isa = PBXBuildFile; fileRef = 9192F7512828B69000FAFFA1 /* bassiUITests.swift */; };
		9192F7542828B69000FAFFA1 /* bassiUITestsLaunchTests.swift in Sources */ = {isa = PBXBuildFile; fileRef = 9192F7532828B69000FAFFA1 /* bassiUITestsLaunchTests.swift */; };
		9195174A286B5794009BFC5B /* ValueTests.swift in Sources */ = {isa = PBXBuildFile; fileRef = 91951749286B5794009BFC5B /* ValueTests.swift */; };
		9195174C286CA4DC009BFC5B /* BasicArray.swift in Sources */ = {isa = PBXBuildFile; fileRef = 9195174B286CA4DC009BFC5B /* BasicArray.swift */; };
		9195174E286CA9FA009BFC5B /* BasicArrayTests.swift in Sources */ = {isa = PBXBuildFile; fileRef = 9195174D286CA9FA009BFC5B /* BasicArrayTests.swift */; };
		91B3922328BD2E26005E20F9 /* OldParser.swift in Sources */ = {isa = PBXBuildFile; fileRef = 91B3922228BD2E26005E20F9 /* OldParser.swift */; };
		91B3922528BD345A005E20F9 /* Parser+currentParser.swift in Sources */ = {isa = PBXBuildFile; fileRef = 91B3922428BD345A005E20F9 /* Parser+currentParser.swift */; };
		91B3922728BD35DB005E20F9 /* BasicParser.swift in Sources */ = {isa = PBXBuildFile; fileRef = 91B3922628BD35DB005E20F9 /* BasicParser.swift */; };
		91B3922A28BD3A1B005E20F9 /* pcombo in Frameworks */ = {isa = PBXBuildFile; productRef = 91B3922928BD3A1B005E20F9 /* pcombo */; };
		91BE90E8283E7CD9004F0CF9 /* ExpressionTests.swift in Sources */ = {isa = PBXBuildFile; fileRef = 91BE90E7283E7CD9004F0CF9 /* ExpressionTests.swift */; };
/* End PBXBuildFile section */

/* Begin PBXContainerItemProxy section */
		9192F7442828B69000FAFFA1 /* PBXContainerItemProxy */ = {
			isa = PBXContainerItemProxy;
			containerPortal = 9192F72A2828B68F00FAFFA1 /* Project object */;
			proxyType = 1;
			remoteGlobalIDString = 9192F7312828B68F00FAFFA1;
			remoteInfo = bassi;
		};
		9192F74E2828B69000FAFFA1 /* PBXContainerItemProxy */ = {
			isa = PBXContainerItemProxy;
			containerPortal = 9192F72A2828B68F00FAFFA1 /* Project object */;
			proxyType = 1;
			remoteGlobalIDString = 9192F7312828B68F00FAFFA1;
			remoteInfo = bassi;
		};
/* End PBXContainerItemProxy section */

/* Begin PBXFileReference section */
		911657622828C5F40000D3AA /* _todo.txt */ = {isa = PBXFileReference; lastKnownFileType = text; path = _todo.txt; sourceTree = "<group>"; };
		911657642828C9BD0000D3AA /* Bint.key */ = {isa = PBXFileReference; lastKnownFileType = file; path = Bint.key; sourceTree = "<group>"; };
		9116576528295A2B0000D3AA /* Interpreter.swift */ = {isa = PBXFileReference; lastKnownFileType = sourcecode.swift; path = Interpreter.swift; sourceTree = "<group>"; };
		9116576728295B970000D3AA /* _InterpreterTests.swift */ = {isa = PBXFileReference; lastKnownFileType = sourcecode.swift; path = _InterpreterTests.swift; sourceTree = "<group>"; };
		9116576928295C2B0000D3AA /* LexerTests.swift */ = {isa = PBXFileReference; lastKnownFileType = sourcecode.swift; path = LexerTests.swift; sourceTree = "<group>"; };
		9116576B28295CF20000D3AA /* Lexer.swift */ = {isa = PBXFileReference; lastKnownFileType = sourcecode.swift; path = Lexer.swift; sourceTree = "<group>"; };
		9116576D28295D2A0000D3AA /* Token.swift */ = {isa = PBXFileReference; lastKnownFileType = sourcecode.swift; path = Token.swift; sourceTree = "<group>"; };
		9116576F282AADC20000D3AA /* ParserTests.swift */ = {isa = PBXFileReference; lastKnownFileType = sourcecode.swift; path = ParserTests.swift; sourceTree = "<group>"; };
		91165771282AB0790000D3AA /* Parse.swift */ = {isa = PBXFileReference; lastKnownFileType = sourcecode.swift; path = Parse.swift; sourceTree = "<group>"; };
		91165773282AB1030000D3AA /* SyntaxAnalyzer.swift */ = {isa = PBXFileReference; lastKnownFileType = sourcecode.swift; path = SyntaxAnalyzer.swift; sourceTree = "<group>"; };
		91308862282D5F6300E5C62E /* Expression+make.swift */ = {isa = PBXFileReference; lastKnownFileType = sourcecode.swift; path = "Expression+make.swift"; sourceTree = "<group>"; };
		91308867282EB64500E5C62E /* Program.swift */ = {isa = PBXFileReference; lastKnownFileType = sourcecode.swift; path = Program.swift; sourceTree = "<group>"; };
		91308869282EBA6C00E5C62E /* Repl.swift */ = {isa = PBXFileReference; lastKnownFileType = sourcecode.swift; path = Repl.swift; sourceTree = "<group>"; };
		9130886B282EBADA00E5C62E /* ProgramTests.swift */ = {isa = PBXFileReference; fileEncoding = 4; lastKnownFileType = sourcecode.swift; path = ProgramTests.swift; sourceTree = "<group>"; };
		9130886D282EC0C300E5C62E /* ReplTests.swift */ = {isa = PBXFileReference; lastKnownFileType = sourcecode.swift; path = ReplTests.swift; sourceTree = "<group>"; };
		91451C1F284F95850007F544 /* bassi.xctestplan */ = {isa = PBXFileReference; lastKnownFileType = text; name = bassi.xctestplan; path = bassi.xcodeproj/bassi.xctestplan; sourceTree = "<group>"; };
		9145B1D4287340A8009DB706 /* RemarkTests.swift */ = {isa = PBXFileReference; lastKnownFileType = sourcecode.swift; path = RemarkTests.swift; sourceTree = "<group>"; };
		9145B1D62873414D009DB706 /* PrintTests.swift */ = {isa = PBXFileReference; lastKnownFileType = sourcecode.swift; path = PrintTests.swift; sourceTree = "<group>"; };
		9145B1D8287343A0009DB706 /* InputTests.swift */ = {isa = PBXFileReference; lastKnownFileType = sourcecode.swift; path = InputTests.swift; sourceTree = "<group>"; };
		9145B1DA287343FD009DB706 /* DimArrayTests.swift */ = {isa = PBXFileReference; lastKnownFileType = sourcecode.swift; path = DimArrayTests.swift; sourceTree = "<group>"; };
		9145B1DC2873449D009DB706 /* ForNextTests.swift */ = {isa = PBXFileReference; lastKnownFileType = sourcecode.swift; path = ForNextTests.swift; sourceTree = "<group>"; };
		9145B1DE287344FC009DB706 /* GosubReturnTests.swift */ = {isa = PBXFileReference; lastKnownFileType = sourcecode.swift; path = GosubReturnTests.swift; sourceTree = "<group>"; };
		9145B1E028734563009DB706 /* OnTests.swift */ = {isa = PBXFileReference; lastKnownFileType = sourcecode.swift; path = OnTests.swift; sourceTree = "<group>"; };
		9145B1E2287345A8009DB706 /* EndStopTests.swift */ = {isa = PBXFileReference; lastKnownFileType = sourcecode.swift; path = EndStopTests.swift; sourceTree = "<group>"; };
		9145B1E42873465B009DB706 /* _ExpressionTests.swift */ = {isa = PBXFileReference; lastKnownFileType = sourcecode.swift; path = _ExpressionTests.swift; sourceTree = "<group>"; };
		9145B1E62873470E009DB706 /* _ControlFlowTests.swift */ = {isa = PBXFileReference; lastKnownFileType = sourcecode.swift; path = _ControlFlowTests.swift; sourceTree = "<group>"; };
		9145B1E828734774009DB706 /* IfTests.swift */ = {isa = PBXFileReference; lastKnownFileType = sourcecode.swift; path = IfTests.swift; sourceTree = "<group>"; };
		9145B1EA287347C2009DB706 /* _PredefinedFunctionTests.swift */ = {isa = PBXFileReference; lastKnownFileType = sourcecode.swift; path = _PredefinedFunctionTests.swift; sourceTree = "<group>"; };
		9145B1EC28734895009DB706 /* DefTests.swift */ = {isa = PBXFileReference; lastKnownFileType = sourcecode.swift; path = DefTests.swift; sourceTree = "<group>"; };
		9145B1EE287348FE009DB706 /* _SyntaxErrorTests.swift */ = {isa = PBXFileReference; lastKnownFileType = sourcecode.swift; path = _SyntaxErrorTests.swift; sourceTree = "<group>"; };
		9145B1F028748F90009DB706 /* DataReadTests.swift */ = {isa = PBXFileReference; lastKnownFileType = sourcecode.swift; path = DataReadTests.swift; sourceTree = "<group>"; };
		9145B1F22875D6C6009DB706 /* Location.swift */ = {isa = PBXFileReference; lastKnownFileType = sourcecode.swift; path = Location.swift; sourceTree = "<group>"; };
		9145B1F42875D715009DB706 /* Type+defaultValue.swift */ = {isa = PBXFileReference; lastKnownFileType = sourcecode.swift; path = "Type+defaultValue.swift"; sourceTree = "<group>"; };
		9145B1F62875D792009DB706 /* PredefinedValues.swift */ = {isa = PBXFileReference; lastKnownFileType = sourcecode.swift; path = PredefinedValues.swift; sourceTree = "<group>"; };
		9145B1F82875E132009DB706 /* InteractorTests.swift */ = {isa = PBXFileReference; lastKnownFileType = sourcecode.swift; path = InteractorTests.swift; sourceTree = "<group>"; };
		914A53EF2841315C00A47B35 /* Value.swift */ = {isa = PBXFileReference; lastKnownFileType = sourcecode.swift; path = Value.swift; sourceTree = "<group>"; };
		914A53F12845249D00A47B35 /* Type.swift */ = {isa = PBXFileReference; lastKnownFileType = sourcecode.swift; path = Type.swift; sourceTree = "<group>"; };
		918861BC2858E0DB00B7B19C /* ParserExpressionTests.swift */ = {isa = PBXFileReference; lastKnownFileType = sourcecode.swift; path = ParserExpressionTests.swift; sourceTree = "<group>"; };
		918861C228616FC700B7B19C /* amazing.bas */ = {isa = PBXFileReference; lastKnownFileType = text; path = amazing.bas; sourceTree = "<group>"; };
		918861C42862182800B7B19C /* Repl+Test.swift */ = {isa = PBXFileReference; lastKnownFileType = sourcecode.swift; path = "Repl+Test.swift"; sourceTree = "<group>"; };
		918861E62866051E00B7B19C /* Interactor.swift */ = {isa = PBXFileReference; lastKnownFileType = sourcecode.swift; path = Interactor.swift; sourceTree = "<group>"; };
		918861E82866056E00B7B19C /* OutputTests.swift */ = {isa = PBXFileReference; lastKnownFileType = sourcecode.swift; path = OutputTests.swift; sourceTree = "<group>"; };
		9192F7322828B68F00FAFFA1 /* bassi.app */ = {isa = PBXFileReference; explicitFileType = wrapper.application; includeInIndex = 0; path = bassi.app; sourceTree = BUILT_PRODUCTS_DIR; };
		9192F7352828B68F00FAFFA1 /* bassiApp.swift */ = {isa = PBXFileReference; lastKnownFileType = sourcecode.swift; path = bassiApp.swift; sourceTree = "<group>"; };
		9192F7372828B68F00FAFFA1 /* ContentView.swift */ = {isa = PBXFileReference; lastKnownFileType = sourcecode.swift; path = ContentView.swift; sourceTree = "<group>"; };
		9192F7392828B69000FAFFA1 /* Assets.xcassets */ = {isa = PBXFileReference; lastKnownFileType = folder.assetcatalog; path = Assets.xcassets; sourceTree = "<group>"; };
		9192F73C2828B69000FAFFA1 /* Preview Assets.xcassets */ = {isa = PBXFileReference; lastKnownFileType = folder.assetcatalog; path = "Preview Assets.xcassets"; sourceTree = "<group>"; };
		9192F73E2828B69000FAFFA1 /* bassi.entitlements */ = {isa = PBXFileReference; lastKnownFileType = text.plist.entitlements; path = bassi.entitlements; sourceTree = "<group>"; };
		9192F7432828B69000FAFFA1 /* bassiTests.xctest */ = {isa = PBXFileReference; explicitFileType = wrapper.cfbundle; includeInIndex = 0; path = bassiTests.xctest; sourceTree = BUILT_PRODUCTS_DIR; };
		9192F74D2828B69000FAFFA1 /* bassiUITests.xctest */ = {isa = PBXFileReference; explicitFileType = wrapper.cfbundle; includeInIndex = 0; path = bassiUITests.xctest; sourceTree = BUILT_PRODUCTS_DIR; };
		9192F7512828B69000FAFFA1 /* bassiUITests.swift */ = {isa = PBXFileReference; lastKnownFileType = sourcecode.swift; path = bassiUITests.swift; sourceTree = "<group>"; };
		9192F7532828B69000FAFFA1 /* bassiUITestsLaunchTests.swift */ = {isa = PBXFileReference; lastKnownFileType = sourcecode.swift; path = bassiUITestsLaunchTests.swift; sourceTree = "<group>"; };
		91951749286B5794009BFC5B /* ValueTests.swift */ = {isa = PBXFileReference; lastKnownFileType = sourcecode.swift; path = ValueTests.swift; sourceTree = "<group>"; };
		9195174B286CA4DC009BFC5B /* BasicArray.swift */ = {isa = PBXFileReference; lastKnownFileType = sourcecode.swift; path = BasicArray.swift; sourceTree = "<group>"; };
		9195174D286CA9FA009BFC5B /* BasicArrayTests.swift */ = {isa = PBXFileReference; lastKnownFileType = sourcecode.swift; path = BasicArrayTests.swift; sourceTree = "<group>"; };
		91B3922128BD1C57005E20F9 /* Bint-strat.key */ = {isa = PBXFileReference; lastKnownFileType = file; path = "Bint-strat.key"; sourceTree = "<group>"; };
		91B3922228BD2E26005E20F9 /* OldParser.swift */ = {isa = PBXFileReference; lastKnownFileType = sourcecode.swift; path = OldParser.swift; sourceTree = "<group>"; };
		91B3922428BD345A005E20F9 /* Parser+currentParser.swift */ = {isa = PBXFileReference; lastKnownFileType = sourcecode.swift; path = "Parser+currentParser.swift"; sourceTree = "<group>"; };
		91B3922628BD35DB005E20F9 /* BasicParser.swift */ = {isa = PBXFileReference; lastKnownFileType = sourcecode.swift; path = BasicParser.swift; sourceTree = "<group>"; };
		91BE90E7283E7CD9004F0CF9 /* ExpressionTests.swift */ = {isa = PBXFileReference; lastKnownFileType = sourcecode.swift; path = ExpressionTests.swift; sourceTree = "<group>"; };
/* End PBXFileReference section */

/* Begin PBXFrameworksBuildPhase section */
		9192F72F2828B68F00FAFFA1 /* Frameworks */ = {
			isa = PBXFrameworksBuildPhase;
			buildActionMask = 2147483647;
			files = (
				91B3922A28BD3A1B005E20F9 /* pcombo in Frameworks */,
			);
			runOnlyForDeploymentPostprocessing = 0;
		};
		9192F7402828B69000FAFFA1 /* Frameworks */ = {
			isa = PBXFrameworksBuildPhase;
			buildActionMask = 2147483647;
			files = (
			);
			runOnlyForDeploymentPostprocessing = 0;
		};
		9192F74A2828B69000FAFFA1 /* Frameworks */ = {
			isa = PBXFrameworksBuildPhase;
			buildActionMask = 2147483647;
			files = (
			);
			runOnlyForDeploymentPostprocessing = 0;
		};
/* End PBXFrameworksBuildPhase section */

/* Begin PBXGroup section */
		9130885D282ABD6300E5C62E /* Lexer */ = {
			isa = PBXGroup;
			children = (
				9116576D28295D2A0000D3AA /* Token.swift */,
				9116576B28295CF20000D3AA /* Lexer.swift */,
				914A53F12845249D00A47B35 /* Type.swift */,
			);
			path = Lexer;
			sourceTree = "<group>";
		};
		9130885E282ABD7400E5C62E /* Parser */ = {
			isa = PBXGroup;
			children = (
				91165771282AB0790000D3AA /* Parse.swift */,
				91165773282AB1030000D3AA /* SyntaxAnalyzer.swift */,
				91B3922228BD2E26005E20F9 /* OldParser.swift */,
				91B3922628BD35DB005E20F9 /* BasicParser.swift */,
			);
			path = Parser;
			sourceTree = "<group>";
		};
		9130885F282AC1C400E5C62E /* Interpreter */ = {
			isa = PBXGroup;
			children = (
				9116576528295A2B0000D3AA /* Interpreter.swift */,
				9145B1F62875D792009DB706 /* PredefinedValues.swift */,
				9195174B286CA4DC009BFC5B /* BasicArray.swift */,
				9145B1F22875D6C6009DB706 /* Location.swift */,
				91308867282EB64500E5C62E /* Program.swift */,
				914A53EF2841315C00A47B35 /* Value.swift */,
				9145B1F42875D715009DB706 /* Type+defaultValue.swift */,
			);
			path = Interpreter;
			sourceTree = "<group>";
		};
		91308864282EA97A00E5C62E /* REPL */ = {
			isa = PBXGroup;
			children = (
				9192F7372828B68F00FAFFA1 /* ContentView.swift */,
				91308869282EBA6C00E5C62E /* Repl.swift */,
				918861E62866051E00B7B19C /* Interactor.swift */,
			);
			path = REPL;
			sourceTree = "<group>";
		};
		9145B1D32873405C009DB706 /* Interpreter */ = {
			isa = PBXGroup;
			children = (
				9116576728295B970000D3AA /* _InterpreterTests.swift */,
				9145B1E62873470E009DB706 /* _ControlFlowTests.swift */,
				9145B1E42873465B009DB706 /* _ExpressionTests.swift */,
				9145B1EA287347C2009DB706 /* _PredefinedFunctionTests.swift */,
				9145B1EE287348FE009DB706 /* _SyntaxErrorTests.swift */,
				9145B1F028748F90009DB706 /* DataReadTests.swift */,
				9145B1EC28734895009DB706 /* DefTests.swift */,
				9145B1DA287343FD009DB706 /* DimArrayTests.swift */,
				9145B1E2287345A8009DB706 /* EndStopTests.swift */,
				9145B1DC2873449D009DB706 /* ForNextTests.swift */,
				9145B1DE287344FC009DB706 /* GosubReturnTests.swift */,
				9145B1E828734774009DB706 /* IfTests.swift */,
				9145B1D8287343A0009DB706 /* InputTests.swift */,
				9145B1E028734563009DB706 /* OnTests.swift */,
				9145B1D62873414D009DB706 /* PrintTests.swift */,
				9145B1D4287340A8009DB706 /* RemarkTests.swift */,
			);
			path = Interpreter;
			sourceTree = "<group>";
		};
		918861C128616F9B00B7B19C /* resources */ = {
			isa = PBXGroup;
			children = (
				918861C228616FC700B7B19C /* amazing.bas */,
			);
			path = resources;
			sourceTree = "<group>";
		};
		9192F7292828B68F00FAFFA1 = {
			isa = PBXGroup;
			children = (
				91451C1F284F95850007F544 /* bassi.xctestplan */,
				911657622828C5F40000D3AA /* _todo.txt */,
				9192F7342828B68F00FAFFA1 /* bassi */,
				9192F7462828B69000FAFFA1 /* bassiTests */,
				9192F7502828B69000FAFFA1 /* bassiUITests */,
				918861C128616F9B00B7B19C /* resources */,
				911657642828C9BD0000D3AA /* Bint.key */,
				91B3922128BD1C57005E20F9 /* Bint-strat.key */,
				9192F7332828B68F00FAFFA1 /* Products */,
			);
			sourceTree = "<group>";
		};
		9192F7332828B68F00FAFFA1 /* Products */ = {
			isa = PBXGroup;
			children = (
				9192F7322828B68F00FAFFA1 /* bassi.app */,
				9192F7432828B69000FAFFA1 /* bassiTests.xctest */,
				9192F74D2828B69000FAFFA1 /* bassiUITests.xctest */,
			);
			name = Products;
			sourceTree = "<group>";
		};
		9192F7342828B68F00FAFFA1 /* bassi */ = {
			isa = PBXGroup;
			children = (
				9130885D282ABD6300E5C62E /* Lexer */,
				9130885E282ABD7400E5C62E /* Parser */,
				9130885F282AC1C400E5C62E /* Interpreter */,
				91308864282EA97A00E5C62E /* REPL */,
				9192F7352828B68F00FAFFA1 /* bassiApp.swift */,
				9192F7392828B69000FAFFA1 /* Assets.xcassets */,
				9192F73E2828B69000FAFFA1 /* bassi.entitlements */,
				9192F73B2828B69000FAFFA1 /* Preview Content */,
			);
			path = bassi;
			sourceTree = "<group>";
		};
		9192F73B2828B69000FAFFA1 /* Preview Content */ = {
			isa = PBXGroup;
			children = (
				9192F73C2828B69000FAFFA1 /* Preview Assets.xcassets */,
			);
			path = "Preview Content";
			sourceTree = "<group>";
		};
		9192F7462828B69000FAFFA1 /* bassiTests */ = {
			isa = PBXGroup;
			children = (
				91308862282D5F6300E5C62E /* Expression+make.swift */,
				918861C42862182800B7B19C /* Repl+Test.swift */,
				91B3922428BD345A005E20F9 /* Parser+currentParser.swift */,
				91BE90E7283E7CD9004F0CF9 /* ExpressionTests.swift */,
				9145B1D32873405C009DB706 /* Interpreter */,
				9116576928295C2B0000D3AA /* LexerTests.swift */,
				918861E82866056E00B7B19C /* OutputTests.swift */,
				9116576F282AADC20000D3AA /* ParserTests.swift */,
				918861BC2858E0DB00B7B19C /* ParserExpressionTests.swift */,
				9130886B282EBADA00E5C62E /* ProgramTests.swift */,
				9130886D282EC0C300E5C62E /* ReplTests.swift */,
				91951749286B5794009BFC5B /* ValueTests.swift */,
				9195174D286CA9FA009BFC5B /* BasicArrayTests.swift */,
				9145B1F82875E132009DB706 /* InteractorTests.swift */,
			);
			path = bassiTests;
			sourceTree = "<group>";
		};
		9192F7502828B69000FAFFA1 /* bassiUITests */ = {
			isa = PBXGroup;
			children = (
				9192F7512828B69000FAFFA1 /* bassiUITests.swift */,
				9192F7532828B69000FAFFA1 /* bassiUITestsLaunchTests.swift */,
			);
			path = bassiUITests;
			sourceTree = "<group>";
		};
/* End PBXGroup section */

/* Begin PBXNativeTarget section */
		9192F7312828B68F00FAFFA1 /* bassi */ = {
			isa = PBXNativeTarget;
			buildConfigurationList = 9192F7572828B69000FAFFA1 /* Build configuration list for PBXNativeTarget "bassi" */;
			buildPhases = (
				9192F72E2828B68F00FAFFA1 /* Sources */,
				9192F72F2828B68F00FAFFA1 /* Frameworks */,
				9192F7302828B68F00FAFFA1 /* Resources */,
			);
			buildRules = (
			);
			dependencies = (
			);
			name = bassi;
			packageProductDependencies = (
				91B3922928BD3A1B005E20F9 /* pcombo */,
			);
			productName = bassi;
			productReference = 9192F7322828B68F00FAFFA1 /* bassi.app */;
			productType = "com.apple.product-type.application";
		};
		9192F7422828B69000FAFFA1 /* bassiTests */ = {
			isa = PBXNativeTarget;
			buildConfigurationList = 9192F75A2828B69000FAFFA1 /* Build configuration list for PBXNativeTarget "bassiTests" */;
			buildPhases = (
				9192F73F2828B69000FAFFA1 /* Sources */,
				9192F7402828B69000FAFFA1 /* Frameworks */,
				9192F7412828B69000FAFFA1 /* Resources */,
			);
			buildRules = (
			);
			dependencies = (
				9192F7452828B69000FAFFA1 /* PBXTargetDependency */,
			);
			name = bassiTests;
			productName = bassiTests;
			productReference = 9192F7432828B69000FAFFA1 /* bassiTests.xctest */;
			productType = "com.apple.product-type.bundle.unit-test";
		};
		9192F74C2828B69000FAFFA1 /* bassiUITests */ = {
			isa = PBXNativeTarget;
			buildConfigurationList = 9192F75D2828B69000FAFFA1 /* Build configuration list for PBXNativeTarget "bassiUITests" */;
			buildPhases = (
				9192F7492828B69000FAFFA1 /* Sources */,
				9192F74A2828B69000FAFFA1 /* Frameworks */,
				9192F74B2828B69000FAFFA1 /* Resources */,
			);
			buildRules = (
			);
			dependencies = (
				9192F74F2828B69000FAFFA1 /* PBXTargetDependency */,
			);
			name = bassiUITests;
			productName = bassiUITests;
			productReference = 9192F74D2828B69000FAFFA1 /* bassiUITests.xctest */;
			productType = "com.apple.product-type.bundle.ui-testing";
		};
/* End PBXNativeTarget section */

/* Begin PBXProject section */
		9192F72A2828B68F00FAFFA1 /* Project object */ = {
			isa = PBXProject;
			attributes = {
				BuildIndependentTargetsInParallel = 1;
				LastSwiftUpdateCheck = 1330;
				LastUpgradeCheck = 1340;
				TargetAttributes = {
					9192F7312828B68F00FAFFA1 = {
						CreatedOnToolsVersion = 13.3.1;
					};
					9192F7422828B69000FAFFA1 = {
						CreatedOnToolsVersion = 13.3.1;
						TestTargetID = 9192F7312828B68F00FAFFA1;
					};
					9192F74C2828B69000FAFFA1 = {
						CreatedOnToolsVersion = 13.3.1;
						TestTargetID = 9192F7312828B68F00FAFFA1;
					};
				};
			};
			buildConfigurationList = 9192F72D2828B68F00FAFFA1 /* Build configuration list for PBXProject "bassi" */;
			compatibilityVersion = "Xcode 13.0";
			developmentRegion = en;
			hasScannedForEncodings = 0;
			knownRegions = (
				en,
				Base,
			);
			mainGroup = 9192F7292828B68F00FAFFA1;
			packageReferences = (
				91B3922828BD3A1B005E20F9 /* XCRemoteSwiftPackageReference "pcombo" */,
			);
			productRefGroup = 9192F7332828B68F00FAFFA1 /* Products */;
			projectDirPath = "";
			projectRoot = "";
			targets = (
				9192F7312828B68F00FAFFA1 /* bassi */,
				9192F7422828B69000FAFFA1 /* bassiTests */,
				9192F74C2828B69000FAFFA1 /* bassiUITests */,
			);
		};
/* End PBXProject section */

/* Begin PBXResourcesBuildPhase section */
		9192F7302828B68F00FAFFA1 /* Resources */ = {
			isa = PBXResourcesBuildPhase;
			buildActionMask = 2147483647;
			files = (
				911657632828C5F40000D3AA /* _todo.txt in Resources */,
				9192F73D2828B69000FAFFA1 /* Preview Assets.xcassets in Resources */,
				918861C328616FC700B7B19C /* amazing.bas in Resources */,
				9192F73A2828B69000FAFFA1 /* Assets.xcassets in Resources */,
			);
			runOnlyForDeploymentPostprocessing = 0;
		};
		9192F7412828B69000FAFFA1 /* Resources */ = {
			isa = PBXResourcesBuildPhase;
			buildActionMask = 2147483647;
			files = (
			);
			runOnlyForDeploymentPostprocessing = 0;
		};
		9192F74B2828B69000FAFFA1 /* Resources */ = {
			isa = PBXResourcesBuildPhase;
			buildActionMask = 2147483647;
			files = (
			);
			runOnlyForDeploymentPostprocessing = 0;
		};
/* End PBXResourcesBuildPhase section */

/* Begin PBXSourcesBuildPhase section */
		9192F72E2828B68F00FAFFA1 /* Sources */ = {
			isa = PBXSourcesBuildPhase;
			buildActionMask = 2147483647;
			files = (
				9116576E28295D2A0000D3AA /* Token.swift in Sources */,
				9130886A282EBA6C00E5C62E /* Repl.swift in Sources */,
				91165772282AB0790000D3AA /* Parse.swift in Sources */,
				91B3922328BD2E26005E20F9 /* OldParser.swift in Sources */,
				9195174C286CA4DC009BFC5B /* BasicArray.swift in Sources */,
				9116576628295A2B0000D3AA /* Interpreter.swift in Sources */,
				918861E72866051E00B7B19C /* Interactor.swift in Sources */,
				9145B1F32875D6C6009DB706 /* Location.swift in Sources */,
				9145B1F72875D792009DB706 /* PredefinedValues.swift in Sources */,
				9192F7382828B68F00FAFFA1 /* ContentView.swift in Sources */,
				914A53F22845249D00A47B35 /* Type.swift in Sources */,
				91308868282EB64500E5C62E /* Program.swift in Sources */,
				9116576C28295CF20000D3AA /* Lexer.swift in Sources */,
				91B3922728BD35DB005E20F9 /* BasicParser.swift in Sources */,
				914A53F02841315C00A47B35 /* Value.swift in Sources */,
				9145B1F52875D715009DB706 /* Type+defaultValue.swift in Sources */,
				9192F7362828B68F00FAFFA1 /* bassiApp.swift in Sources */,
				91165774282AB1030000D3AA /* SyntaxAnalyzer.swift in Sources */,
			);
			runOnlyForDeploymentPostprocessing = 0;
		};
		9192F73F2828B69000FAFFA1 /* Sources */ = {
			isa = PBXSourcesBuildPhase;
			buildActionMask = 2147483647;
			files = (
				9145B1D9287343A0009DB706 /* InputTests.swift in Sources */,
				9145B1EF287348FE009DB706 /* _SyntaxErrorTests.swift in Sources */,
				9195174E286CA9FA009BFC5B /* BasicArrayTests.swift in Sources */,
				9145B1E3287345A8009DB706 /* EndStopTests.swift in Sources */,
				9130886E282EC0C300E5C62E /* ReplTests.swift in Sources */,
				9145B1F128748F90009DB706 /* DataReadTests.swift in Sources */,
				91B3922528BD345A005E20F9 /* Parser+currentParser.swift in Sources */,
				91165770282AADC20000D3AA /* ParserTests.swift in Sources */,
				918861E92866056E00B7B19C /* OutputTests.swift in Sources */,
				9145B1E928734774009DB706 /* IfTests.swift in Sources */,
				9145B1E128734563009DB706 /* OnTests.swift in Sources */,
				91308863282D5F6300E5C62E /* Expression+make.swift in Sources */,
				9145B1DB287343FD009DB706 /* DimArrayTests.swift in Sources */,
				9130886C282EBADA00E5C62E /* ProgramTests.swift in Sources */,
				9145B1ED28734895009DB706 /* DefTests.swift in Sources */,
				9145B1F92875E133009DB706 /* InteractorTests.swift in Sources */,
				9145B1E72873470E009DB706 /* _ControlFlowTests.swift in Sources */,
				9145B1DD2873449D009DB706 /* ForNextTests.swift in Sources */,
				9195174A286B5794009BFC5B /* ValueTests.swift in Sources */,
				9145B1DF287344FC009DB706 /* GosubReturnTests.swift in Sources */,
				9145B1EB287347C2009DB706 /* _PredefinedFunctionTests.swift in Sources */,
				9116576A28295C2B0000D3AA /* LexerTests.swift in Sources */,
				9116576828295B970000D3AA /* _InterpreterTests.swift in Sources */,
				9145B1D5287340A8009DB706 /* RemarkTests.swift in Sources */,
				9145B1E52873465B009DB706 /* _ExpressionTests.swift in Sources */,
				918861C52862182800B7B19C /* Repl+Test.swift in Sources */,
				918861BD2858E0DB00B7B19C /* ParserExpressionTests.swift in Sources */,
				91BE90E8283E7CD9004F0CF9 /* ExpressionTests.swift in Sources */,
				9145B1D72873414D009DB706 /* PrintTests.swift in Sources */,
			);
			runOnlyForDeploymentPostprocessing = 0;
		};
		9192F7492828B69000FAFFA1 /* Sources */ = {
			isa = PBXSourcesBuildPhase;
			buildActionMask = 2147483647;
			files = (
				9192F7522828B69000FAFFA1 /* bassiUITests.swift in Sources */,
				9192F7542828B69000FAFFA1 /* bassiUITestsLaunchTests.swift in Sources */,
			);
			runOnlyForDeploymentPostprocessing = 0;
		};
/* End PBXSourcesBuildPhase section */

/* Begin PBXTargetDependency section */
		9192F7452828B69000FAFFA1 /* PBXTargetDependency */ = {
			isa = PBXTargetDependency;
			target = 9192F7312828B68F00FAFFA1 /* bassi */;
			targetProxy = 9192F7442828B69000FAFFA1 /* PBXContainerItemProxy */;
		};
		9192F74F2828B69000FAFFA1 /* PBXTargetDependency */ = {
			isa = PBXTargetDependency;
			target = 9192F7312828B68F00FAFFA1 /* bassi */;
			targetProxy = 9192F74E2828B69000FAFFA1 /* PBXContainerItemProxy */;
		};
/* End PBXTargetDependency section */

/* Begin XCBuildConfiguration section */
		9192F7552828B69000FAFFA1 /* Debug */ = {
			isa = XCBuildConfiguration;
			buildSettings = {
				ALWAYS_SEARCH_USER_PATHS = NO;
				CLANG_ANALYZER_NONNULL = YES;
				CLANG_ANALYZER_NUMBER_OBJECT_CONVERSION = YES_AGGRESSIVE;
				CLANG_CXX_LANGUAGE_STANDARD = "gnu++17";
				CLANG_ENABLE_MODULES = YES;
				CLANG_ENABLE_OBJC_ARC = YES;
				CLANG_ENABLE_OBJC_WEAK = YES;
				CLANG_WARN_BLOCK_CAPTURE_AUTORELEASING = YES;
				CLANG_WARN_BOOL_CONVERSION = YES;
				CLANG_WARN_COMMA = YES;
				CLANG_WARN_CONSTANT_CONVERSION = YES;
				CLANG_WARN_DEPRECATED_OBJC_IMPLEMENTATIONS = YES;
				CLANG_WARN_DIRECT_OBJC_ISA_USAGE = YES_ERROR;
				CLANG_WARN_DOCUMENTATION_COMMENTS = YES;
				CLANG_WARN_EMPTY_BODY = YES;
				CLANG_WARN_ENUM_CONVERSION = YES;
				CLANG_WARN_INFINITE_RECURSION = YES;
				CLANG_WARN_INT_CONVERSION = YES;
				CLANG_WARN_NON_LITERAL_NULL_CONVERSION = YES;
				CLANG_WARN_OBJC_IMPLICIT_RETAIN_SELF = YES;
				CLANG_WARN_OBJC_LITERAL_CONVERSION = YES;
				CLANG_WARN_OBJC_ROOT_CLASS = YES_ERROR;
				CLANG_WARN_QUOTED_INCLUDE_IN_FRAMEWORK_HEADER = YES;
				CLANG_WARN_RANGE_LOOP_ANALYSIS = YES;
				CLANG_WARN_STRICT_PROTOTYPES = YES;
				CLANG_WARN_SUSPICIOUS_MOVE = YES;
				CLANG_WARN_UNGUARDED_AVAILABILITY = YES_AGGRESSIVE;
				CLANG_WARN_UNREACHABLE_CODE = YES;
				CLANG_WARN__DUPLICATE_METHOD_MATCH = YES;
				COPY_PHASE_STRIP = NO;
				DEBUG_INFORMATION_FORMAT = dwarf;
				ENABLE_STRICT_OBJC_MSGSEND = YES;
				ENABLE_TESTABILITY = YES;
				GCC_C_LANGUAGE_STANDARD = gnu11;
				GCC_DYNAMIC_NO_PIC = NO;
				GCC_NO_COMMON_BLOCKS = YES;
				GCC_OPTIMIZATION_LEVEL = 0;
				GCC_PREPROCESSOR_DEFINITIONS = (
					"DEBUG=1",
					"$(inherited)",
				);
				GCC_WARN_64_TO_32_BIT_CONVERSION = YES;
				GCC_WARN_ABOUT_RETURN_TYPE = YES_ERROR;
				GCC_WARN_UNDECLARED_SELECTOR = YES;
				GCC_WARN_UNINITIALIZED_AUTOS = YES_AGGRESSIVE;
				GCC_WARN_UNUSED_FUNCTION = YES;
				GCC_WARN_UNUSED_VARIABLE = YES;
				MACOSX_DEPLOYMENT_TARGET = 12.3;
				MTL_ENABLE_DEBUG_INFO = INCLUDE_SOURCE;
				MTL_FAST_MATH = YES;
				ONLY_ACTIVE_ARCH = YES;
				SDKROOT = macosx;
				SWIFT_ACTIVE_COMPILATION_CONDITIONS = DEBUG;
				SWIFT_OPTIMIZATION_LEVEL = "-Onone";
			};
			name = Debug;
		};
		9192F7562828B69000FAFFA1 /* Release */ = {
			isa = XCBuildConfiguration;
			buildSettings = {
				ALWAYS_SEARCH_USER_PATHS = NO;
				CLANG_ANALYZER_NONNULL = YES;
				CLANG_ANALYZER_NUMBER_OBJECT_CONVERSION = YES_AGGRESSIVE;
				CLANG_CXX_LANGUAGE_STANDARD = "gnu++17";
				CLANG_ENABLE_MODULES = YES;
				CLANG_ENABLE_OBJC_ARC = YES;
				CLANG_ENABLE_OBJC_WEAK = YES;
				CLANG_WARN_BLOCK_CAPTURE_AUTORELEASING = YES;
				CLANG_WARN_BOOL_CONVERSION = YES;
				CLANG_WARN_COMMA = YES;
				CLANG_WARN_CONSTANT_CONVERSION = YES;
				CLANG_WARN_DEPRECATED_OBJC_IMPLEMENTATIONS = YES;
				CLANG_WARN_DIRECT_OBJC_ISA_USAGE = YES_ERROR;
				CLANG_WARN_DOCUMENTATION_COMMENTS = YES;
				CLANG_WARN_EMPTY_BODY = YES;
				CLANG_WARN_ENUM_CONVERSION = YES;
				CLANG_WARN_INFINITE_RECURSION = YES;
				CLANG_WARN_INT_CONVERSION = YES;
				CLANG_WARN_NON_LITERAL_NULL_CONVERSION = YES;
				CLANG_WARN_OBJC_IMPLICIT_RETAIN_SELF = YES;
				CLANG_WARN_OBJC_LITERAL_CONVERSION = YES;
				CLANG_WARN_OBJC_ROOT_CLASS = YES_ERROR;
				CLANG_WARN_QUOTED_INCLUDE_IN_FRAMEWORK_HEADER = YES;
				CLANG_WARN_RANGE_LOOP_ANALYSIS = YES;
				CLANG_WARN_STRICT_PROTOTYPES = YES;
				CLANG_WARN_SUSPICIOUS_MOVE = YES;
				CLANG_WARN_UNGUARDED_AVAILABILITY = YES_AGGRESSIVE;
				CLANG_WARN_UNREACHABLE_CODE = YES;
				CLANG_WARN__DUPLICATE_METHOD_MATCH = YES;
				COPY_PHASE_STRIP = NO;
				DEBUG_INFORMATION_FORMAT = "dwarf-with-dsym";
				ENABLE_NS_ASSERTIONS = NO;
				ENABLE_STRICT_OBJC_MSGSEND = YES;
				GCC_C_LANGUAGE_STANDARD = gnu11;
				GCC_NO_COMMON_BLOCKS = YES;
				GCC_WARN_64_TO_32_BIT_CONVERSION = YES;
				GCC_WARN_ABOUT_RETURN_TYPE = YES_ERROR;
				GCC_WARN_UNDECLARED_SELECTOR = YES;
				GCC_WARN_UNINITIALIZED_AUTOS = YES_AGGRESSIVE;
				GCC_WARN_UNUSED_FUNCTION = YES;
				GCC_WARN_UNUSED_VARIABLE = YES;
				MACOSX_DEPLOYMENT_TARGET = 12.3;
				MTL_ENABLE_DEBUG_INFO = NO;
				MTL_FAST_MATH = YES;
				SDKROOT = macosx;
				SWIFT_COMPILATION_MODE = wholemodule;
				SWIFT_OPTIMIZATION_LEVEL = "-O";
			};
			name = Release;
		};
		9192F7582828B69000FAFFA1 /* Debug */ = {
			isa = XCBuildConfiguration;
			buildSettings = {
				ASSETCATALOG_COMPILER_APPICON_NAME = AppIcon;
				ASSETCATALOG_COMPILER_GLOBAL_ACCENT_COLOR_NAME = AccentColor;
				CODE_SIGN_ENTITLEMENTS = bassi/bassi.entitlements;
				CODE_SIGN_IDENTITY = "Apple Development";
				CODE_SIGN_STYLE = Automatic;
				COMBINE_HIDPI_IMAGES = YES;
				CURRENT_PROJECT_VERSION = 1;
				DEVELOPMENT_ASSET_PATHS = "\"bassi/Preview Content\"";
				DEVELOPMENT_TEAM = 7B9VB3YTHK;
				ENABLE_HARDENED_RUNTIME = YES;
				ENABLE_PREVIEWS = YES;
				GENERATE_INFOPLIST_FILE = YES;
				INFOPLIST_KEY_NSHumanReadableCopyright = "";
				LD_RUNPATH_SEARCH_PATHS = (
					"$(inherited)",
					"@executable_path/../Frameworks",
				);
				MARKETING_VERSION = 1.0;
				PRODUCT_BUNDLE_IDENTIFIER = com.xp123.bassi;
				PRODUCT_NAME = "$(TARGET_NAME)";
				SWIFT_EMIT_LOC_STRINGS = YES;
				SWIFT_VERSION = 5.0;
			};
			name = Debug;
		};
		9192F7592828B69000FAFFA1 /* Release */ = {
			isa = XCBuildConfiguration;
			buildSettings = {
				ASSETCATALOG_COMPILER_APPICON_NAME = AppIcon;
				ASSETCATALOG_COMPILER_GLOBAL_ACCENT_COLOR_NAME = AccentColor;
				CODE_SIGN_ENTITLEMENTS = bassi/bassi.entitlements;
				CODE_SIGN_IDENTITY = "Apple Development";
				CODE_SIGN_STYLE = Automatic;
				COMBINE_HIDPI_IMAGES = YES;
				CURRENT_PROJECT_VERSION = 1;
				DEVELOPMENT_ASSET_PATHS = "\"bassi/Preview Content\"";
				DEVELOPMENT_TEAM = 7B9VB3YTHK;
				ENABLE_HARDENED_RUNTIME = YES;
				ENABLE_PREVIEWS = YES;
				GENERATE_INFOPLIST_FILE = YES;
				INFOPLIST_KEY_NSHumanReadableCopyright = "";
				LD_RUNPATH_SEARCH_PATHS = (
					"$(inherited)",
					"@executable_path/../Frameworks",
				);
				MARKETING_VERSION = 1.0;
				PRODUCT_BUNDLE_IDENTIFIER = com.xp123.bassi;
				PRODUCT_NAME = "$(TARGET_NAME)";
				SWIFT_EMIT_LOC_STRINGS = YES;
				SWIFT_VERSION = 5.0;
			};
			name = Release;
		};
		9192F75B2828B69000FAFFA1 /* Debug */ = {
			isa = XCBuildConfiguration;
			buildSettings = {
				ALWAYS_EMBED_SWIFT_STANDARD_LIBRARIES = YES;
				BUNDLE_LOADER = "$(TEST_HOST)";
				CODE_SIGN_IDENTITY = "Apple Development";
				CODE_SIGN_STYLE = Automatic;
				CURRENT_PROJECT_VERSION = 1;
				DEVELOPMENT_TEAM = 7B9VB3YTHK;
				GENERATE_INFOPLIST_FILE = YES;
				MACOSX_DEPLOYMENT_TARGET = 12.3;
				MARKETING_VERSION = 1.0;
				PRODUCT_BUNDLE_IDENTIFIER = com.xp123.bassiTests;
				PRODUCT_NAME = "$(TARGET_NAME)";
				SWIFT_EMIT_LOC_STRINGS = NO;
				SWIFT_VERSION = 5.0;
				TEST_HOST = "$(BUILT_PRODUCTS_DIR)/bassi.app/Contents/MacOS/bassi";
			};
			name = Debug;
		};
		9192F75C2828B69000FAFFA1 /* Release */ = {
			isa = XCBuildConfiguration;
			buildSettings = {
				ALWAYS_EMBED_SWIFT_STANDARD_LIBRARIES = YES;
				BUNDLE_LOADER = "$(TEST_HOST)";
				CODE_SIGN_IDENTITY = "Apple Development";
				CODE_SIGN_STYLE = Automatic;
				CURRENT_PROJECT_VERSION = 1;
				DEVELOPMENT_TEAM = 7B9VB3YTHK;
				GENERATE_INFOPLIST_FILE = YES;
				MACOSX_DEPLOYMENT_TARGET = 12.3;
				MARKETING_VERSION = 1.0;
				PRODUCT_BUNDLE_IDENTIFIER = com.xp123.bassiTests;
				PRODUCT_NAME = "$(TARGET_NAME)";
				SWIFT_EMIT_LOC_STRINGS = NO;
				SWIFT_VERSION = 5.0;
				TEST_HOST = "$(BUILT_PRODUCTS_DIR)/bassi.app/Contents/MacOS/bassi";
			};
			name = Release;
		};
		9192F75E2828B69000FAFFA1 /* Debug */ = {
			isa = XCBuildConfiguration;
			buildSettings = {
				ALWAYS_EMBED_SWIFT_STANDARD_LIBRARIES = YES;
				CODE_SIGN_STYLE = Automatic;
				CURRENT_PROJECT_VERSION = 1;
				DEVELOPMENT_TEAM = 7B9VB3YTHK;
				GENERATE_INFOPLIST_FILE = YES;
				MARKETING_VERSION = 1.0;
				PRODUCT_BUNDLE_IDENTIFIER = com.xp123.bassiUITests;
				PRODUCT_NAME = "$(TARGET_NAME)";
				SWIFT_EMIT_LOC_STRINGS = NO;
				SWIFT_VERSION = 5.0;
				TEST_TARGET_NAME = bassi;
			};
			name = Debug;
		};
		9192F75F2828B69000FAFFA1 /* Release */ = {
			isa = XCBuildConfiguration;
			buildSettings = {
				ALWAYS_EMBED_SWIFT_STANDARD_LIBRARIES = YES;
				CODE_SIGN_STYLE = Automatic;
				CURRENT_PROJECT_VERSION = 1;
				DEVELOPMENT_TEAM = 7B9VB3YTHK;
				GENERATE_INFOPLIST_FILE = YES;
				MARKETING_VERSION = 1.0;
				PRODUCT_BUNDLE_IDENTIFIER = com.xp123.bassiUITests;
				PRODUCT_NAME = "$(TARGET_NAME)";
				SWIFT_EMIT_LOC_STRINGS = NO;
				SWIFT_VERSION = 5.0;
				TEST_TARGET_NAME = bassi;
			};
			name = Release;
		};
/* End XCBuildConfiguration section */

/* Begin XCConfigurationList section */
		9192F72D2828B68F00FAFFA1 /* Build configuration list for PBXProject "bassi" */ = {
			isa = XCConfigurationList;
			buildConfigurations = (
				9192F7552828B69000FAFFA1 /* Debug */,
				9192F7562828B69000FAFFA1 /* Release */,
			);
			defaultConfigurationIsVisible = 0;
			defaultConfigurationName = Release;
		};
		9192F7572828B69000FAFFA1 /* Build configuration list for PBXNativeTarget "bassi" */ = {
			isa = XCConfigurationList;
			buildConfigurations = (
				9192F7582828B69000FAFFA1 /* Debug */,
				9192F7592828B69000FAFFA1 /* Release */,
			);
			defaultConfigurationIsVisible = 0;
			defaultConfigurationName = Release;
		};
		9192F75A2828B69000FAFFA1 /* Build configuration list for PBXNativeTarget "bassiTests" */ = {
			isa = XCConfigurationList;
			buildConfigurations = (
				9192F75B2828B69000FAFFA1 /* Debug */,
				9192F75C2828B69000FAFFA1 /* Release */,
			);
			defaultConfigurationIsVisible = 0;
			defaultConfigurationName = Release;
		};
		9192F75D2828B69000FAFFA1 /* Build configuration list for PBXNativeTarget "bassiUITests" */ = {
			isa = XCConfigurationList;
			buildConfigurations = (
				9192F75E2828B69000FAFFA1 /* Debug */,
				9192F75F2828B69000FAFFA1 /* Release */,
			);
			defaultConfigurationIsVisible = 0;
			defaultConfigurationName = Release;
		};
/* End XCConfigurationList section */

/* Begin XCRemoteSwiftPackageReference section */
		91B3922828BD3A1B005E20F9 /* XCRemoteSwiftPackageReference "pcombo" */ = {
			isa = XCRemoteSwiftPackageReference;
			repositoryURL = "https://github.com/wwake/pcombo.git";
			requirement = {
				branch = main;
				kind = branch;
			};
		};
/* End XCRemoteSwiftPackageReference section */

/* Begin XCSwiftPackageProductDependency section */
		91B3922928BD3A1B005E20F9 /* pcombo */ = {
			isa = XCSwiftPackageProductDependency;
			package = 91B3922828BD3A1B005E20F9 /* XCRemoteSwiftPackageReference "pcombo" */;
			productName = pcombo;
		};
/* End XCSwiftPackageProductDependency section */
	};
	rootObject = 9192F72A2828B68F00FAFFA1 /* Project object */;
}
